
Microsoft Visual Studio Solution File, Format Version 12.00
# Visual Studio Version 17
VisualStudioVersion = 17.0.32112.339
MinimumVisualStudioVersion = 10.0.40219.1
Project("{FAE04EC0-301F-11D3-BF4B-00C04F79EFBC}") = "helloWorldPlatzi", "helloWorldPlatzi\helloWorldPlatzi.csproj", "{E6637C44-7443-463B-BC38-8218F53EC3DF}"
EndProject
Global
	GlobalSection(SolutionConfigurationPlatforms) = preSolution
		Debug|Any CPU = Debug|Any CPU
		Release|Any CPU = Release|Any CPU
	EndGlobalSection
	GlobalSection(ProjectConfigurationPlatforms) = postSolution
		{E6637C44-7443-463B-BC38-8218F53EC3DF}.Debug|Any CPU.ActiveCfg = Debug|Any CPU
		{E6637C44-7443-463B-BC38-8218F53EC3DF}.Debug|Any CPU.Build.0 = Debug|Any CPU
		{E6637C44-7443-463B-BC38-8218F53EC3DF}.Release|Any CPU.ActiveCfg = Release|Any CPU
		{E6637C44-7443-463B-BC38-8218F53EC3DF}.Release|Any CPU.Build.0 = Release|Any CPU
	EndGlobalSection
	GlobalSection(SolutionProperties) = preSolution
		HideSolutionNode = FALSE
	EndGlobalSection
	GlobalSection(ExtensibilityGlobals) = postSolution
		SolutionGuid = {E54664D1-9B79-490B-A678-C85FEFB19EAF}
	EndGlobalSection
EndGlobal
