
Microsoft Visual Studio Solution File, Format Version 12.00
# Visual Studio Version 17
VisualStudioVersion = 17.0.32112.339
MinimumVisualStudioVersion = 10.0.40219.1
Project("{FAE04EC0-301F-11D3-BF4B-00C04F79EFBC}") = "IfStatement", "IfStatement\IfStatement.csproj", "{02CD4DEC-2CD6-4A22-A055-3EC4F3DCFC10}"
EndProject
Global
	GlobalSection(SolutionConfigurationPlatforms) = preSolution
		Debug|Any CPU = Debug|Any CPU
		Release|Any CPU = Release|Any CPU
	EndGlobalSection
	GlobalSection(ProjectConfigurationPlatforms) = postSolution
		{02CD4DEC-2CD6-4A22-A055-3EC4F3DCFC10}.Debug|Any CPU.ActiveCfg = Debug|Any CPU
		{02CD4DEC-2CD6-4A22-A055-3EC4F3DCFC10}.Debug|Any CPU.Build.0 = Debug|Any CPU
		{02CD4DEC-2CD6-4A22-A055-3EC4F3DCFC10}.Release|Any CPU.ActiveCfg = Release|Any CPU
		{02CD4DEC-2CD6-4A22-A055-3EC4F3DCFC10}.Release|Any CPU.Build.0 = Release|Any CPU
	EndGlobalSection
	GlobalSection(SolutionProperties) = preSolution
		HideSolutionNode = FALSE
	EndGlobalSection
	GlobalSection(ExtensibilityGlobals) = postSolution
		SolutionGuid = {21EC3E50-3E00-4FBF-B846-BA8640E0F72F}
	EndGlobalSection
EndGlobal
